{
  "name": "govwifi-admin",
  "requires": true,
  "lockfileVersion": 1,
  "dependencies": {
    "govuk-frontend": {
      "version": "1.3.0",
      "resolved": "https://registry.npmjs.org/govuk-frontend/-/govuk-frontend-1.3.0.tgz",
      "integrity": "sha512-NROJGh4wZgOSWhEzJOkcijIMR7GeFBOinG45wouVwK7ne6ihR4uyS/LQBkG/GGEkNkLZYuOG8cb+6fMVwP2W7Q=="
    },
    "html5shiv": {
      "version": "3.7.3",
      "resolved": "https://registry.npmjs.org/html5shiv/-/html5shiv-3.7.3.tgz",
      "integrity": "sha1-14qEo2e8uacQEA1XgCw4ewhGMdI="
    }
  }
}
