# THIS IS AN AUTOGENERATED FILE. DO NOT EDIT THIS FILE DIRECTLY.
# yarn lockfile v1


govuk-frontend@^3.3.0:
  version "3.3.0"
  resolved "https://registry.yarnpkg.com/govuk-frontend/-/govuk-frontend-3.3.0.tgz#90c55209b7baf5df2e400ee3aa111e1bc160f9b4"
  integrity sha512-ncOGTAV6mzz1CPBlr/UGETiG3IO6P3b0CvSI0wxBz7Uo0A/6jttLoxkvuYXju2oNA2yqRh2NjD1zJUOP3Q32CQ==

html5shiv@^3.7.3:
  version "3.7.3"
  resolved "https://registry.yarnpkg.com/html5shiv/-/html5shiv-3.7.3.tgz#d78a84a367bcb9a710100d57802c387b084631d2"
