# THIS IS AN AUTOGENERATED FILE. DO NOT EDIT THIS FILE DIRECTLY.
# yarn lockfile v1


govuk-frontend@^3.12.0:
  version "3.12.0"
  resolved "https://registry.yarnpkg.com/govuk-frontend/-/govuk-frontend-3.12.0.tgz#55d7057ed8f480a3f83ffeae54b68e0fc81607a3"

"govwifi-shared-frontend@https://github.com/alphagov/govwifi-shared-frontend/releases/download/v0.6.6/govwifi-shared-frontend-0.6.6.tgz":
  version "0.6.6"
  resolved "https://github.com/alphagov/govwifi-shared-frontend/releases/download/v0.6.6/govwifi-shared-frontend-0.6.6.tgz"
  dependencies:
    js-cookie "^2.2.1"

html5shiv@^3.7.3:
  version "3.7.3"
  resolved "https://registry.npmjs.org/html5shiv/-/html5shiv-3.7.3.tgz"

js-cookie@^2.2.1:
  version "2.2.1"
  resolved "https://registry.npmjs.org/js-cookie/-/js-cookie-2.2.1.tgz"
