# THIS IS AN AUTOGENERATED FILE. DO NOT EDIT THIS FILE DIRECTLY.
# yarn lockfile v1


govuk-frontend@^2.4.1:
  version "2.4.1"
  resolved "https://registry.yarnpkg.com/govuk-frontend/-/govuk-frontend-2.4.1.tgz#4e8e3b16aa588a25e6b7f97ab3ac0045df52c60c"

html5shiv@^3.7.3:
  version "3.7.3"
  resolved "https://registry.yarnpkg.com/html5shiv/-/html5shiv-3.7.3.tgz#d78a84a367bcb9a710100d57802c387b084631d2"
